
Microsoft Visual Studio Solution File, Format Version 12.00
# Visual Studio Version 17
VisualStudioVersion = 17.4.33213.308
MinimumVisualStudioVersion = 10.0.40219.1
Project("{FAE04EC0-301F-11D3-BF4B-00C04F79EFBC}") = "Asignment16", "Asignment16\Asignment16.csproj", "{361D8513-64E4-4A69-8CA0-3B70852190B5}"
EndProject
Global
	GlobalSection(SolutionConfigurationPlatforms) = preSolution
		Debug|Any CPU = Debug|Any CPU
		Release|Any CPU = Release|Any CPU
	EndGlobalSection
	GlobalSection(ProjectConfigurationPlatforms) = postSolution
		{361D8513-64E4-4A69-8CA0-3B70852190B5}.Debug|Any CPU.ActiveCfg = Debug|Any CPU
		{361D8513-64E4-4A69-8CA0-3B70852190B5}.Debug|Any CPU.Build.0 = Debug|Any CPU
		{361D8513-64E4-4A69-8CA0-3B70852190B5}.Release|Any CPU.ActiveCfg = Release|Any CPU
		{361D8513-64E4-4A69-8CA0-3B70852190B5}.Release|Any CPU.Build.0 = Release|Any CPU
	EndGlobalSection
	GlobalSection(SolutionProperties) = preSolution
		HideSolutionNode = FALSE
	EndGlobalSection
	GlobalSection(ExtensibilityGlobals) = postSolution
		SolutionGuid = {A26E99A7-18DE-4C02-B5E8-A2BB2CA2DC83}
	EndGlobalSection
EndGlobal
